
Microsoft Visual Studio Solution File, Format Version 12.00
# Visual Studio Version 16
VisualStudioVersion = 16.0.32802.440
MinimumVisualStudioVersion = 10.0.40219.1
Project("{FAE04EC0-301F-11D3-BF4B-00C04F79EFBC}") = "4.70b", "4.70b.csproj", "{5C041FA2-8571-4D39-BCA6-6983CF92F644}"
EndProject
Global
	GlobalSection(SolutionConfigurationPlatforms) = preSolution
		Debug|Any CPU = Debug|Any CPU
		Release|Any CPU = Release|Any CPU
	EndGlobalSection
	GlobalSection(ProjectConfigurationPlatforms) = postSolution
		{5C041FA2-8571-4D39-BCA6-6983CF92F644}.Debug|Any CPU.ActiveCfg = Debug|Any CPU
		{5C041FA2-8571-4D39-BCA6-6983CF92F644}.Debug|Any CPU.Build.0 = Debug|Any CPU
		{5C041FA2-8571-4D39-BCA6-6983CF92F644}.Release|Any CPU.ActiveCfg = Release|Any CPU
		{5C041FA2-8571-4D39-BCA6-6983CF92F644}.Release|Any CPU.Build.0 = Release|Any CPU
	EndGlobalSection
	GlobalSection(SolutionProperties) = preSolution
		HideSolutionNode = FALSE
	EndGlobalSection
	GlobalSection(ExtensibilityGlobals) = postSolution
		SolutionGuid = {D2CBF37A-CC72-4F49-B86D-951A2C7B56DA}
	EndGlobalSection
EndGlobal
