
Microsoft Visual Studio Solution File, Format Version 12.00
# Visual Studio Version 16
VisualStudioVersion = 16.0.32802.440
MinimumVisualStudioVersion = 10.0.40219.1
Project("{FAE04EC0-301F-11D3-BF4B-00C04F79EFBC}") = "11.112", "11.112.csproj", "{76AA7ACA-533F-4361-A227-AB78CE398770}"
EndProject
Global
	GlobalSection(SolutionConfigurationPlatforms) = preSolution
		Debug|Any CPU = Debug|Any CPU
		Release|Any CPU = Release|Any CPU
	EndGlobalSection
	GlobalSection(ProjectConfigurationPlatforms) = postSolution
		{76AA7ACA-533F-4361-A227-AB78CE398770}.Debug|Any CPU.ActiveCfg = Debug|Any CPU
		{76AA7ACA-533F-4361-A227-AB78CE398770}.Debug|Any CPU.Build.0 = Debug|Any CPU
		{76AA7ACA-533F-4361-A227-AB78CE398770}.Release|Any CPU.ActiveCfg = Release|Any CPU
		{76AA7ACA-533F-4361-A227-AB78CE398770}.Release|Any CPU.Build.0 = Release|Any CPU
	EndGlobalSection
	GlobalSection(SolutionProperties) = preSolution
		HideSolutionNode = FALSE
	EndGlobalSection
	GlobalSection(ExtensibilityGlobals) = postSolution
		SolutionGuid = {1392F730-C711-4315-8AC7-15716CF0A82A}
	EndGlobalSection
EndGlobal
