
Microsoft Visual Studio Solution File, Format Version 12.00
# Visual Studio Version 16
VisualStudioVersion = 16.0.32802.440
MinimumVisualStudioVersion = 10.0.40219.1
Project("{FAE04EC0-301F-11D3-BF4B-00C04F79EFBC}") = "2.43", "2.43.csproj", "{2534D0F2-1D66-4547-87F3-B85E87C6D701}"
EndProject
Global
	GlobalSection(SolutionConfigurationPlatforms) = preSolution
		Debug|Any CPU = Debug|Any CPU
		Release|Any CPU = Release|Any CPU
	EndGlobalSection
	GlobalSection(ProjectConfigurationPlatforms) = postSolution
		{2534D0F2-1D66-4547-87F3-B85E87C6D701}.Debug|Any CPU.ActiveCfg = Debug|Any CPU
		{2534D0F2-1D66-4547-87F3-B85E87C6D701}.Debug|Any CPU.Build.0 = Debug|Any CPU
		{2534D0F2-1D66-4547-87F3-B85E87C6D701}.Release|Any CPU.ActiveCfg = Release|Any CPU
		{2534D0F2-1D66-4547-87F3-B85E87C6D701}.Release|Any CPU.Build.0 = Release|Any CPU
	EndGlobalSection
	GlobalSection(SolutionProperties) = preSolution
		HideSolutionNode = FALSE
	EndGlobalSection
	GlobalSection(ExtensibilityGlobals) = postSolution
		SolutionGuid = {4F824443-1A58-452F-915E-796AA16885DD}
	EndGlobalSection
EndGlobal
