
Microsoft Visual Studio Solution File, Format Version 12.00
# Visual Studio Version 16
VisualStudioVersion = 16.0.32802.440
MinimumVisualStudioVersion = 10.0.40219.1
Project("{FAE04EC0-301F-11D3-BF4B-00C04F79EFBC}") = "11.22", "11.22.csproj", "{DAEA1B1D-5ADF-438F-B2E8-40AE0112A5F9}"
EndProject
Global
	GlobalSection(SolutionConfigurationPlatforms) = preSolution
		Debug|Any CPU = Debug|Any CPU
		Release|Any CPU = Release|Any CPU
	EndGlobalSection
	GlobalSection(ProjectConfigurationPlatforms) = postSolution
		{DAEA1B1D-5ADF-438F-B2E8-40AE0112A5F9}.Debug|Any CPU.ActiveCfg = Debug|Any CPU
		{DAEA1B1D-5ADF-438F-B2E8-40AE0112A5F9}.Debug|Any CPU.Build.0 = Debug|Any CPU
		{DAEA1B1D-5ADF-438F-B2E8-40AE0112A5F9}.Release|Any CPU.ActiveCfg = Release|Any CPU
		{DAEA1B1D-5ADF-438F-B2E8-40AE0112A5F9}.Release|Any CPU.Build.0 = Release|Any CPU
	EndGlobalSection
	GlobalSection(SolutionProperties) = preSolution
		HideSolutionNode = FALSE
	EndGlobalSection
	GlobalSection(ExtensibilityGlobals) = postSolution
		SolutionGuid = {A0EA52FB-FE50-4886-A08B-FFE13932CAD0}
	EndGlobalSection
EndGlobal
