
Microsoft Visual Studio Solution File, Format Version 12.00
# Visual Studio Version 16
VisualStudioVersion = 16.0.32802.440
MinimumVisualStudioVersion = 10.0.40219.1
Project("{FAE04EC0-301F-11D3-BF4B-00C04F79EFBC}") = "7.12", "7.12.csproj", "{24F7031C-EE91-43A4-9CAC-E540DA3AEF61}"
EndProject
Global
	GlobalSection(SolutionConfigurationPlatforms) = preSolution
		Debug|Any CPU = Debug|Any CPU
		Release|Any CPU = Release|Any CPU
	EndGlobalSection
	GlobalSection(ProjectConfigurationPlatforms) = postSolution
		{24F7031C-EE91-43A4-9CAC-E540DA3AEF61}.Debug|Any CPU.ActiveCfg = Debug|Any CPU
		{24F7031C-EE91-43A4-9CAC-E540DA3AEF61}.Debug|Any CPU.Build.0 = Debug|Any CPU
		{24F7031C-EE91-43A4-9CAC-E540DA3AEF61}.Release|Any CPU.ActiveCfg = Release|Any CPU
		{24F7031C-EE91-43A4-9CAC-E540DA3AEF61}.Release|Any CPU.Build.0 = Release|Any CPU
	EndGlobalSection
	GlobalSection(SolutionProperties) = preSolution
		HideSolutionNode = FALSE
	EndGlobalSection
	GlobalSection(ExtensibilityGlobals) = postSolution
		SolutionGuid = {DAD7986B-E3B6-41AA-BFA6-75E91BBF997D}
	EndGlobalSection
EndGlobal
