
Microsoft Visual Studio Solution File, Format Version 12.00
# Visual Studio Version 16
VisualStudioVersion = 16.0.32802.440
MinimumVisualStudioVersion = 10.0.40219.1
Project("{FAE04EC0-301F-11D3-BF4B-00C04F79EFBC}") = "11.1", "11.1.csproj", "{432FE215-3355-4BA2-B2A6-83A78C05D00E}"
EndProject
Global
	GlobalSection(SolutionConfigurationPlatforms) = preSolution
		Debug|Any CPU = Debug|Any CPU
		Release|Any CPU = Release|Any CPU
	EndGlobalSection
	GlobalSection(ProjectConfigurationPlatforms) = postSolution
		{432FE215-3355-4BA2-B2A6-83A78C05D00E}.Debug|Any CPU.ActiveCfg = Debug|Any CPU
		{432FE215-3355-4BA2-B2A6-83A78C05D00E}.Debug|Any CPU.Build.0 = Debug|Any CPU
		{432FE215-3355-4BA2-B2A6-83A78C05D00E}.Release|Any CPU.ActiveCfg = Release|Any CPU
		{432FE215-3355-4BA2-B2A6-83A78C05D00E}.Release|Any CPU.Build.0 = Release|Any CPU
	EndGlobalSection
	GlobalSection(SolutionProperties) = preSolution
		HideSolutionNode = FALSE
	EndGlobalSection
	GlobalSection(ExtensibilityGlobals) = postSolution
		SolutionGuid = {AFAA7150-FDF9-49A9-AAF2-6C6051A4FFAA}
	EndGlobalSection
EndGlobal
