
Microsoft Visual Studio Solution File, Format Version 12.00
# Visual Studio Version 16
VisualStudioVersion = 16.0.32802.440
MinimumVisualStudioVersion = 10.0.40219.1
Project("{FAE04EC0-301F-11D3-BF4B-00C04F79EFBC}") = "4.112", "4.112.csproj", "{C34F7994-22D4-490A-97B0-A8400EEA556C}"
EndProject
Project("{FAE04EC0-301F-11D3-BF4B-00C04F79EFBC}") = "ConsoleApp1", "..\ConsoleApp1\ConsoleApp1.csproj", "{7698C0C0-EBC3-4E21-AC74-2FEB18FD6DAA}"
EndProject
Global
	GlobalSection(SolutionConfigurationPlatforms) = preSolution
		Debug|Any CPU = Debug|Any CPU
		Release|Any CPU = Release|Any CPU
	EndGlobalSection
	GlobalSection(ProjectConfigurationPlatforms) = postSolution
		{C34F7994-22D4-490A-97B0-A8400EEA556C}.Debug|Any CPU.ActiveCfg = Debug|Any CPU
		{C34F7994-22D4-490A-97B0-A8400EEA556C}.Debug|Any CPU.Build.0 = Debug|Any CPU
		{C34F7994-22D4-490A-97B0-A8400EEA556C}.Release|Any CPU.ActiveCfg = Release|Any CPU
		{C34F7994-22D4-490A-97B0-A8400EEA556C}.Release|Any CPU.Build.0 = Release|Any CPU
		{7698C0C0-EBC3-4E21-AC74-2FEB18FD6DAA}.Debug|Any CPU.ActiveCfg = Debug|Any CPU
		{7698C0C0-EBC3-4E21-AC74-2FEB18FD6DAA}.Debug|Any CPU.Build.0 = Debug|Any CPU
		{7698C0C0-EBC3-4E21-AC74-2FEB18FD6DAA}.Release|Any CPU.ActiveCfg = Release|Any CPU
		{7698C0C0-EBC3-4E21-AC74-2FEB18FD6DAA}.Release|Any CPU.Build.0 = Release|Any CPU
	EndGlobalSection
	GlobalSection(SolutionProperties) = preSolution
		HideSolutionNode = FALSE
	EndGlobalSection
	GlobalSection(ExtensibilityGlobals) = postSolution
		SolutionGuid = {AD8A1D76-9BF6-4B05-AD5E-1CCFAE57C941}
	EndGlobalSection
EndGlobal
