
Microsoft Visual Studio Solution File, Format Version 12.00
# Visual Studio Version 16
VisualStudioVersion = 16.0.32802.440
MinimumVisualStudioVersion = 10.0.40219.1
Project("{FAE04EC0-301F-11D3-BF4B-00C04F79EFBC}") = "6.22", "6.22.csproj", "{3D073318-5DF2-420A-A8B8-20791825D803}"
EndProject
Global
	GlobalSection(SolutionConfigurationPlatforms) = preSolution
		Debug|Any CPU = Debug|Any CPU
		Release|Any CPU = Release|Any CPU
	EndGlobalSection
	GlobalSection(ProjectConfigurationPlatforms) = postSolution
		{3D073318-5DF2-420A-A8B8-20791825D803}.Debug|Any CPU.ActiveCfg = Debug|Any CPU
		{3D073318-5DF2-420A-A8B8-20791825D803}.Debug|Any CPU.Build.0 = Debug|Any CPU
		{3D073318-5DF2-420A-A8B8-20791825D803}.Release|Any CPU.ActiveCfg = Release|Any CPU
		{3D073318-5DF2-420A-A8B8-20791825D803}.Release|Any CPU.Build.0 = Release|Any CPU
	EndGlobalSection
	GlobalSection(SolutionProperties) = preSolution
		HideSolutionNode = FALSE
	EndGlobalSection
	GlobalSection(ExtensibilityGlobals) = postSolution
		SolutionGuid = {2C4E8082-8766-494A-AD34-55632A935E1E}
	EndGlobalSection
EndGlobal
