
Microsoft Visual Studio Solution File, Format Version 12.00
# Visual Studio Version 16
VisualStudioVersion = 16.0.32802.440
MinimumVisualStudioVersion = 10.0.40219.1
Project("{FAE04EC0-301F-11D3-BF4B-00C04F79EFBC}") = "2.1", "2.1.csproj", "{CDB1F462-05C0-4CC8-B1F5-1E3D64032F17}"
EndProject
Global
	GlobalSection(SolutionConfigurationPlatforms) = preSolution
		Debug|Any CPU = Debug|Any CPU
		Release|Any CPU = Release|Any CPU
	EndGlobalSection
	GlobalSection(ProjectConfigurationPlatforms) = postSolution
		{CDB1F462-05C0-4CC8-B1F5-1E3D64032F17}.Debug|Any CPU.ActiveCfg = Debug|Any CPU
		{CDB1F462-05C0-4CC8-B1F5-1E3D64032F17}.Debug|Any CPU.Build.0 = Debug|Any CPU
		{CDB1F462-05C0-4CC8-B1F5-1E3D64032F17}.Release|Any CPU.ActiveCfg = Release|Any CPU
		{CDB1F462-05C0-4CC8-B1F5-1E3D64032F17}.Release|Any CPU.Build.0 = Release|Any CPU
	EndGlobalSection
	GlobalSection(SolutionProperties) = preSolution
		HideSolutionNode = FALSE
	EndGlobalSection
	GlobalSection(ExtensibilityGlobals) = postSolution
		SolutionGuid = {D998FF81-203A-45B9-A4C1-6670B3FF0289}
	EndGlobalSection
EndGlobal
